<Project ToolsVersion="4.0" xmlns="http://schemas.microsoft.com/developer/msbuild/2003">
  <ItemGroup>
    <Filter Include="Source Files">
      <UniqueIdentifier>{4FC737F1-C7A5-4376-A066-2A32D752A2FF}</UniqueIdentifier>
      <Extensions>cpp;c;cc;cxx;def;odl;idl;hpj;bat;asm;asmx</Extensions>
    </Filter>
    <Filter Include="Header Files">
      <UniqueIdentifier>{93995380-89BD-4b04-88EB-625FBE52EBFB}</UniqueIdentifier>
      <Extensions>h;hpp;hxx;hm;inl;inc;xsd</Extensions>
    </Filter>
    <Filter Include="Resource Files">
      <UniqueIdentifier>{67DA6AB6-F800-4c08-8B7A-83BB121AAD01}</UniqueIdentifier>
      <Extensions>rc;ico;cur;bmp;dlg;rc2;rct;bin;rgs;gif;jpg;jpeg;jpe;resx;tiff;tif;png;wav</Extensions>
    </Filter>
    <Filter Include="blocks">
      <UniqueIdentifier>{959357b4-8701-4d11-8b05-1873af79762f}</UniqueIdentifier>
    </Filter>
    <Filter Include="blocks\sitara-logging">
      <UniqueIdentifier>{c52a00b6-3914-42d3-98d0-8cb7db96fe60}</UniqueIdentifier>
    </Filter>
    <Filter Include="blocks\sitara-logging\src">
      <UniqueIdentifier>{7b968248-b416-45c9-8c4f-b4343f9a8118}</UniqueIdentifier>
    </Filter>
    <Filter Include="blocks\sitara-logging\src\loggers">
      <UniqueIdentifier>{9005be41-a239-4bf8-97e5-516324451e69}</UniqueIdentifier>
    </Filter>
  </ItemGroup>
  <ItemGroup>
    <ClCompile Include="..\src\LoggerMongoExampleApp.cpp">
      <Filter>Source Files</Filter>
    </ClCompile>
    <ClCompile Include="..\src\LoggerMongoExampleApp.cpp">
      <Filter>Source Files</Filter>
    </ClCompile>
    <ClInclude Include="..\include\Resources.h">
      <Filter>Header Files</Filter>
    </ClInclude>
    <ClCompile Include="..\..\..\src\loggers\LoggerMongo.cpp">
      <Filter>blocks\sitara-logging\src\loggers</Filter>
    </ClCompile>
  </ItemGroup>
  <ItemGroup>
    <ClInclude Include="..\include\Resources.h">
      <Filter>Header Files</Filter>
    </ClInclude>
    <ClInclude Include="..\..\..\src\loggers\LoggerMongo.h">
      <Filter>blocks\sitara-logging\src\loggers</Filter>
    </ClInclude>
    <ClInclude Include="..\..\..\src\Logging.h">
      <Filter>blocks\sitara-logging\src</Filter>
    </ClInclude>
    <ClInclude Include="..\..\..\src\MongoController.h">
      <Filter>blocks\sitara-logging\src</Filter>
    </ClInclude>
  </ItemGroup>
  <ItemGroup>
    <ResourceCompile Include="Resources.rc">
      <Filter>Resource Files</Filter>
    </ResourceCompile>
  </ItemGroup>
</Project>